
Microsoft Visual Studio Solution File, Format Version 12.00
# Visual Studio Version 17
VisualStudioVersion = 17.2.32616.157
MinimumVisualStudioVersion = 15.0.26124.0
Project("{9A19103F-16F7-4668-BE54-9A1E7A4F7556}") = "XdPagamentosApi.WebApi", "XdPagamentosApi.WebApi\XdPagamentosApi.WebApi.csproj", "{3AA0A9DA-4067-44E5-8611-FB810E3FF0F4}"
EndProject
Project("{9A19103F-16F7-4668-BE54-9A1E7A4F7556}") = "XdPagamentosApi.Domain", "XdPagamentosApi.Domain\XdPagamentosApi.Domain.csproj", "{5733DAE6-ECFE-4598-A06B-353706D68429}"
EndProject
Project("{9A19103F-16F7-4668-BE54-9A1E7A4F7556}") = "XdPagamentosApi.Repository", "XdPagamentosApi.Repository\XdPagamentosApi.Repository.csproj", "{463E68AB-D3DC-4469-8AAC-C140576D06C7}"
EndProject
Project("{9A19103F-16F7-4668-BE54-9A1E7A4F7556}") = "XdPagamentosApi.IOC", "XdPagamentosApi.IOC\XdPagamentosApi.IOC.csproj", "{555D3504-A6E2-449C-96AF-22FF769DFEB2}"
EndProject
Project("{9A19103F-16F7-4668-BE54-9A1E7A4F7556}") = "XdPagamentosApi.Services", "XdPagamentosApi.Services\XdPagamentosApi.Services.csproj", "{EDE04E63-BF32-4351-82B9-AA5492353EF4}"
EndProject
Project("{9A19103F-16F7-4668-BE54-9A1E7A4F7556}") = "FiltrDinamico.Core", "FiltrDinamico.Core\FiltrDinamico.Core.csproj", "{4C660DCB-974B-49AB-B084-C1F154A37C2C}"
EndProject
Project("{9A19103F-16F7-4668-BE54-9A1E7A4F7556}") = "XdPagamentosApi.PagSeguro", "XdPagamentosApi.PagSeguro\XdPagamentosApi.PagSeguro.csproj", "{B2A45A3F-E7F4-4F12-B3BE-3DC687F52167}"
EndProject
Project("{2150E333-8FDC-42A3-9474-1A3956D46DE8}") = "Shared", "Shared", "{FE57FCF1-C6D3-4032-A932-A8CF70A4EEF7}"
EndProject
Project("{9A19103F-16F7-4668-BE54-9A1E7A4F7556}") = "XdPagamentoApi.Shared", "XdPagamentoApi.Shared\XdPagamentoApi.Shared.csproj", "{C2C85894-D4DC-41E4-AC5B-6C92749AB3B0}"
EndProject
Project("{FAE04EC0-301F-11D3-BF4B-00C04F79EFBC}") = "XdPagamentosApi.WebApiCliente", "XdPagamentosApi.WebApiCliente\XdPagamentosApi.WebApiCliente.csproj", "{CCCC8EC3-BA3B-46C7-84D7-7C4ED18103FD}"
EndProject
Global
	GlobalSection(SolutionConfigurationPlatforms) = preSolution
		Debug|Any CPU = Debug|Any CPU
		Debug|x64 = Debug|x64
		Debug|x86 = Debug|x86
		Release|Any CPU = Release|Any CPU
		Release|x64 = Release|x64
		Release|x86 = Release|x86
	EndGlobalSection
	GlobalSection(ProjectConfigurationPlatforms) = postSolution
		{3AA0A9DA-4067-44E5-8611-FB810E3FF0F4}.Debug|Any CPU.ActiveCfg = Debug|Any CPU
		{3AA0A9DA-4067-44E5-8611-FB810E3FF0F4}.Debug|Any CPU.Build.0 = Debug|Any CPU
		{3AA0A9DA-4067-44E5-8611-FB810E3FF0F4}.Debug|x64.ActiveCfg = Debug|Any CPU
		{3AA0A9DA-4067-44E5-8611-FB810E3FF0F4}.Debug|x64.Build.0 = Debug|Any CPU
		{3AA0A9DA-4067-44E5-8611-FB810E3FF0F4}.Debug|x86.ActiveCfg = Debug|Any CPU
		{3AA0A9DA-4067-44E5-8611-FB810E3FF0F4}.Debug|x86.Build.0 = Debug|Any CPU
		{3AA0A9DA-4067-44E5-8611-FB810E3FF0F4}.Release|Any CPU.ActiveCfg = Release|Any CPU
		{3AA0A9DA-4067-44E5-8611-FB810E3FF0F4}.Release|Any CPU.Build.0 = Release|Any CPU
		{3AA0A9DA-4067-44E5-8611-FB810E3FF0F4}.Release|x64.ActiveCfg = Release|Any CPU
		{3AA0A9DA-4067-44E5-8611-FB810E3FF0F4}.Release|x64.Build.0 = Release|Any CPU
		{3AA0A9DA-4067-44E5-8611-FB810E3FF0F4}.Release|x86.ActiveCfg = Release|Any CPU
		{3AA0A9DA-4067-44E5-8611-FB810E3FF0F4}.Release|x86.Build.0 = Release|Any CPU
		{5733DAE6-ECFE-4598-A06B-353706D68429}.Debug|Any CPU.ActiveCfg = Debug|Any CPU
		{5733DAE6-ECFE-4598-A06B-353706D68429}.Debug|Any CPU.Build.0 = Debug|Any CPU
		{5733DAE6-ECFE-4598-A06B-353706D68429}.Debug|x64.ActiveCfg = Debug|Any CPU
		{5733DAE6-ECFE-4598-A06B-353706D68429}.Debug|x64.Build.0 = Debug|Any CPU
		{5733DAE6-ECFE-4598-A06B-353706D68429}.Debug|x86.ActiveCfg = Debug|Any CPU
		{5733DAE6-ECFE-4598-A06B-353706D68429}.Debug|x86.Build.0 = Debug|Any CPU
		{5733DAE6-ECFE-4598-A06B-353706D68429}.Release|Any CPU.ActiveCfg = Release|Any CPU
		{5733DAE6-ECFE-4598-A06B-353706D68429}.Release|Any CPU.Build.0 = Release|Any CPU
		{5733DAE6-ECFE-4598-A06B-353706D68429}.Release|x64.ActiveCfg = Release|Any CPU
		{5733DAE6-ECFE-4598-A06B-353706D68429}.Release|x64.Build.0 = Release|Any CPU
		{5733DAE6-ECFE-4598-A06B-353706D68429}.Release|x86.ActiveCfg = Release|Any CPU
		{5733DAE6-ECFE-4598-A06B-353706D68429}.Release|x86.Build.0 = Release|Any CPU
		{463E68AB-D3DC-4469-8AAC-C140576D06C7}.Debug|Any CPU.ActiveCfg = Debug|Any CPU
		{463E68AB-D3DC-4469-8AAC-C140576D06C7}.Debug|Any CPU.Build.0 = Debug|Any CPU
		{463E68AB-D3DC-4469-8AAC-C140576D06C7}.Debug|x64.ActiveCfg = Debug|Any CPU
		{463E68AB-D3DC-4469-8AAC-C140576D06C7}.Debug|x64.Build.0 = Debug|Any CPU
		{463E68AB-D3DC-4469-8AAC-C140576D06C7}.Debug|x86.ActiveCfg = Debug|Any CPU
		{463E68AB-D3DC-4469-8AAC-C140576D06C7}.Debug|x86.Build.0 = Debug|Any CPU
		{463E68AB-D3DC-4469-8AAC-C140576D06C7}.Release|Any CPU.ActiveCfg = Release|Any CPU
		{463E68AB-D3DC-4469-8AAC-C140576D06C7}.Release|Any CPU.Build.0 = Release|Any CPU
		{463E68AB-D3DC-4469-8AAC-C140576D06C7}.Release|x64.ActiveCfg = Release|Any CPU
		{463E68AB-D3DC-4469-8AAC-C140576D06C7}.Release|x64.Build.0 = Release|Any CPU
		{463E68AB-D3DC-4469-8AAC-C140576D06C7}.Release|x86.ActiveCfg = Release|Any CPU
		{463E68AB-D3DC-4469-8AAC-C140576D06C7}.Release|x86.Build.0 = Release|Any CPU
		{555D3504-A6E2-449C-96AF-22FF769DFEB2}.Debug|Any CPU.ActiveCfg = Debug|Any CPU
		{555D3504-A6E2-449C-96AF-22FF769DFEB2}.Debug|Any CPU.Build.0 = Debug|Any CPU
		{555D3504-A6E2-449C-96AF-22FF769DFEB2}.Debug|x64.ActiveCfg = Debug|Any CPU
		{555D3504-A6E2-449C-96AF-22FF769DFEB2}.Debug|x64.Build.0 = Debug|Any CPU
		{555D3504-A6E2-449C-96AF-22FF769DFEB2}.Debug|x86.ActiveCfg = Debug|Any CPU
		{555D3504-A6E2-449C-96AF-22FF769DFEB2}.Debug|x86.Build.0 = Debug|Any CPU
		{555D3504-A6E2-449C-96AF-22FF769DFEB2}.Release|Any CPU.ActiveCfg = Release|Any CPU
		{555D3504-A6E2-449C-96AF-22FF769DFEB2}.Release|Any CPU.Build.0 = Release|Any CPU
		{555D3504-A6E2-449C-96AF-22FF769DFEB2}.Release|x64.ActiveCfg = Release|Any CPU
		{555D3504-A6E2-449C-96AF-22FF769DFEB2}.Release|x64.Build.0 = Release|Any CPU
		{555D3504-A6E2-449C-96AF-22FF769DFEB2}.Release|x86.ActiveCfg = Release|Any CPU
		{555D3504-A6E2-449C-96AF-22FF769DFEB2}.Release|x86.Build.0 = Release|Any CPU
		{EDE04E63-BF32-4351-82B9-AA5492353EF4}.Debug|Any CPU.ActiveCfg = Debug|Any CPU
		{EDE04E63-BF32-4351-82B9-AA5492353EF4}.Debug|Any CPU.Build.0 = Debug|Any CPU
		{EDE04E63-BF32-4351-82B9-AA5492353EF4}.Debug|x64.ActiveCfg = Debug|Any CPU
		{EDE04E63-BF32-4351-82B9-AA5492353EF4}.Debug|x64.Build.0 = Debug|Any CPU
		{EDE04E63-BF32-4351-82B9-AA5492353EF4}.Debug|x86.ActiveCfg = Debug|Any CPU
		{EDE04E63-BF32-4351-82B9-AA5492353EF4}.Debug|x86.Build.0 = Debug|Any CPU
		{EDE04E63-BF32-4351-82B9-AA5492353EF4}.Release|Any CPU.ActiveCfg = Release|Any CPU
		{EDE04E63-BF32-4351-82B9-AA5492353EF4}.Release|Any CPU.Build.0 = Release|Any CPU
		{EDE04E63-BF32-4351-82B9-AA5492353EF4}.Release|x64.ActiveCfg = Release|Any CPU
		{EDE04E63-BF32-4351-82B9-AA5492353EF4}.Release|x64.Build.0 = Release|Any CPU
		{EDE04E63-BF32-4351-82B9-AA5492353EF4}.Release|x86.ActiveCfg = Release|Any CPU
		{EDE04E63-BF32-4351-82B9-AA5492353EF4}.Release|x86.Build.0 = Release|Any CPU
		{4C660DCB-974B-49AB-B084-C1F154A37C2C}.Debug|Any CPU.ActiveCfg = Debug|Any CPU
		{4C660DCB-974B-49AB-B084-C1F154A37C2C}.Debug|Any CPU.Build.0 = Debug|Any CPU
		{4C660DCB-974B-49AB-B084-C1F154A37C2C}.Debug|x64.ActiveCfg = Debug|Any CPU
		{4C660DCB-974B-49AB-B084-C1F154A37C2C}.Debug|x64.Build.0 = Debug|Any CPU
		{4C660DCB-974B-49AB-B084-C1F154A37C2C}.Debug|x86.ActiveCfg = Debug|Any CPU
		{4C660DCB-974B-49AB-B084-C1F154A37C2C}.Debug|x86.Build.0 = Debug|Any CPU
		{4C660DCB-974B-49AB-B084-C1F154A37C2C}.Release|Any CPU.ActiveCfg = Release|Any CPU
		{4C660DCB-974B-49AB-B084-C1F154A37C2C}.Release|Any CPU.Build.0 = Release|Any CPU
		{4C660DCB-974B-49AB-B084-C1F154A37C2C}.Release|x64.ActiveCfg = Release|Any CPU
		{4C660DCB-974B-49AB-B084-C1F154A37C2C}.Release|x64.Build.0 = Release|Any CPU
		{4C660DCB-974B-49AB-B084-C1F154A37C2C}.Release|x86.ActiveCfg = Release|Any CPU
		{4C660DCB-974B-49AB-B084-C1F154A37C2C}.Release|x86.Build.0 = Release|Any CPU
		{B2A45A3F-E7F4-4F12-B3BE-3DC687F52167}.Debug|Any CPU.ActiveCfg = Debug|Any CPU
		{B2A45A3F-E7F4-4F12-B3BE-3DC687F52167}.Debug|Any CPU.Build.0 = Debug|Any CPU
		{B2A45A3F-E7F4-4F12-B3BE-3DC687F52167}.Debug|x64.ActiveCfg = Debug|Any CPU
		{B2A45A3F-E7F4-4F12-B3BE-3DC687F52167}.Debug|x64.Build.0 = Debug|Any CPU
		{B2A45A3F-E7F4-4F12-B3BE-3DC687F52167}.Debug|x86.ActiveCfg = Debug|Any CPU
		{B2A45A3F-E7F4-4F12-B3BE-3DC687F52167}.Debug|x86.Build.0 = Debug|Any CPU
		{B2A45A3F-E7F4-4F12-B3BE-3DC687F52167}.Release|Any CPU.ActiveCfg = Release|Any CPU
		{B2A45A3F-E7F4-4F12-B3BE-3DC687F52167}.Release|Any CPU.Build.0 = Release|Any CPU
		{B2A45A3F-E7F4-4F12-B3BE-3DC687F52167}.Release|x64.ActiveCfg = Release|Any CPU
		{B2A45A3F-E7F4-4F12-B3BE-3DC687F52167}.Release|x64.Build.0 = Release|Any CPU
		{B2A45A3F-E7F4-4F12-B3BE-3DC687F52167}.Release|x86.ActiveCfg = Release|Any CPU
		{B2A45A3F-E7F4-4F12-B3BE-3DC687F52167}.Release|x86.Build.0 = Release|Any CPU
		{C2C85894-D4DC-41E4-AC5B-6C92749AB3B0}.Debug|Any CPU.ActiveCfg = Debug|Any CPU
		{C2C85894-D4DC-41E4-AC5B-6C92749AB3B0}.Debug|Any CPU.Build.0 = Debug|Any CPU
		{C2C85894-D4DC-41E4-AC5B-6C92749AB3B0}.Debug|x64.ActiveCfg = Debug|Any CPU
		{C2C85894-D4DC-41E4-AC5B-6C92749AB3B0}.Debug|x64.Build.0 = Debug|Any CPU
		{C2C85894-D4DC-41E4-AC5B-6C92749AB3B0}.Debug|x86.ActiveCfg = Debug|Any CPU
		{C2C85894-D4DC-41E4-AC5B-6C92749AB3B0}.Debug|x86.Build.0 = Debug|Any CPU
		{C2C85894-D4DC-41E4-AC5B-6C92749AB3B0}.Release|Any CPU.ActiveCfg = Release|Any CPU
		{C2C85894-D4DC-41E4-AC5B-6C92749AB3B0}.Release|Any CPU.Build.0 = Release|Any CPU
		{C2C85894-D4DC-41E4-AC5B-6C92749AB3B0}.Release|x64.ActiveCfg = Release|Any CPU
		{C2C85894-D4DC-41E4-AC5B-6C92749AB3B0}.Release|x64.Build.0 = Release|Any CPU
		{C2C85894-D4DC-41E4-AC5B-6C92749AB3B0}.Release|x86.ActiveCfg = Release|Any CPU
		{C2C85894-D4DC-41E4-AC5B-6C92749AB3B0}.Release|x86.Build.0 = Release|Any CPU
		{CCCC8EC3-BA3B-46C7-84D7-7C4ED18103FD}.Debug|Any CPU.ActiveCfg = Debug|Any CPU
		{CCCC8EC3-BA3B-46C7-84D7-7C4ED18103FD}.Debug|Any CPU.Build.0 = Debug|Any CPU
		{CCCC8EC3-BA3B-46C7-84D7-7C4ED18103FD}.Debug|x64.ActiveCfg = Debug|Any CPU
		{CCCC8EC3-BA3B-46C7-84D7-7C4ED18103FD}.Debug|x64.Build.0 = Debug|Any CPU
		{CCCC8EC3-BA3B-46C7-84D7-7C4ED18103FD}.Debug|x86.ActiveCfg = Debug|Any CPU
		{CCCC8EC3-BA3B-46C7-84D7-7C4ED18103FD}.Debug|x86.Build.0 = Debug|Any CPU
		{CCCC8EC3-BA3B-46C7-84D7-7C4ED18103FD}.Release|Any CPU.ActiveCfg = Release|Any CPU
		{CCCC8EC3-BA3B-46C7-84D7-7C4ED18103FD}.Release|Any CPU.Build.0 = Release|Any CPU
		{CCCC8EC3-BA3B-46C7-84D7-7C4ED18103FD}.Release|x64.ActiveCfg = Release|Any CPU
		{CCCC8EC3-BA3B-46C7-84D7-7C4ED18103FD}.Release|x64.Build.0 = Release|Any CPU
		{CCCC8EC3-BA3B-46C7-84D7-7C4ED18103FD}.Release|x86.ActiveCfg = Release|Any CPU
		{CCCC8EC3-BA3B-46C7-84D7-7C4ED18103FD}.Release|x86.Build.0 = Release|Any CPU
	EndGlobalSection
	GlobalSection(SolutionProperties) = preSolution
		HideSolutionNode = FALSE
	EndGlobalSection
	GlobalSection(NestedProjects) = preSolution
		{C2C85894-D4DC-41E4-AC5B-6C92749AB3B0} = {FE57FCF1-C6D3-4032-A932-A8CF70A4EEF7}
	EndGlobalSection
	GlobalSection(ExtensibilityGlobals) = postSolution
		SolutionGuid = {B8614228-7A78-4517-BB69-1D0B6E854D1D}
	EndGlobalSection
EndGlobal
